
Microsoft Visual Studio Solution File, Format Version 12.00
# Visual Studio Version 17
VisualStudioVersion = 17.0.31903.59
MinimumVisualStudioVersion = 10.0.40219.1
Project("{2150E333-8FDC-42A3-9474-1A3956D46DE8}") = "src", "src", "{48481BCE-57F6-41BB-943C-9F6131657596}"
EndProject
Project("{FAE04EC0-301F-11D3-BF4B-00C04F79EFBC}") = "App.Api", "src\App.Api\App.Api.csproj", "{EF57B8E8-D59B-4B70-9DDD-6E0844592517}"
EndProject
Project("{FAE04EC0-301F-11D3-BF4B-00C04F79EFBC}") = "App.Core", "src\App.Core\App.Core.csproj", "{16082DDE-9526-4B67-B8FD-3BFBFE26346C}"
EndProject
Project("{FAE04EC0-301F-11D3-BF4B-00C04F79EFBC}") = "App.Grainz", "src\App.Grainz\App.Grainz.csproj", "{C3E1A58A-CE57-4CF1-8E8F-736C2A0E459E}"
EndProject
Global
	GlobalSection(SolutionConfigurationPlatforms) = preSolution
		Debug|Any CPU = Debug|Any CPU
		Release|Any CPU = Release|Any CPU
	EndGlobalSection
	GlobalSection(SolutionProperties) = preSolution
		HideSolutionNode = FALSE
	EndGlobalSection
	GlobalSection(ProjectConfigurationPlatforms) = postSolution
		{EF57B8E8-D59B-4B70-9DDD-6E0844592517}.Debug|Any CPU.ActiveCfg = Debug|Any CPU
		{EF57B8E8-D59B-4B70-9DDD-6E0844592517}.Debug|Any CPU.Build.0 = Debug|Any CPU
		{EF57B8E8-D59B-4B70-9DDD-6E0844592517}.Release|Any CPU.ActiveCfg = Release|Any CPU
		{EF57B8E8-D59B-4B70-9DDD-6E0844592517}.Release|Any CPU.Build.0 = Release|Any CPU
		{16082DDE-9526-4B67-B8FD-3BFBFE26346C}.Debug|Any CPU.ActiveCfg = Debug|Any CPU
		{16082DDE-9526-4B67-B8FD-3BFBFE26346C}.Debug|Any CPU.Build.0 = Debug|Any CPU
		{16082DDE-9526-4B67-B8FD-3BFBFE26346C}.Release|Any CPU.ActiveCfg = Release|Any CPU
		{16082DDE-9526-4B67-B8FD-3BFBFE26346C}.Release|Any CPU.Build.0 = Release|Any CPU
		{C3E1A58A-CE57-4CF1-8E8F-736C2A0E459E}.Debug|Any CPU.ActiveCfg = Debug|Any CPU
		{C3E1A58A-CE57-4CF1-8E8F-736C2A0E459E}.Debug|Any CPU.Build.0 = Debug|Any CPU
		{C3E1A58A-CE57-4CF1-8E8F-736C2A0E459E}.Release|Any CPU.ActiveCfg = Release|Any CPU
		{C3E1A58A-CE57-4CF1-8E8F-736C2A0E459E}.Release|Any CPU.Build.0 = Release|Any CPU
	EndGlobalSection
	GlobalSection(NestedProjects) = preSolution
		{EF57B8E8-D59B-4B70-9DDD-6E0844592517} = {48481BCE-57F6-41BB-943C-9F6131657596}
		{16082DDE-9526-4B67-B8FD-3BFBFE26346C} = {48481BCE-57F6-41BB-943C-9F6131657596}
		{C3E1A58A-CE57-4CF1-8E8F-736C2A0E459E} = {48481BCE-57F6-41BB-943C-9F6131657596}
	EndGlobalSection
EndGlobal
